
Microsoft Visual Studio Solution File, Format Version 11.00
# Visual Studio 2010
Project("{8BC9CEB8-8B4A-11D0-8D11-00A0C91BC942}") = "test-4.13", "test-4.13\test-4.13.vcxproj", "{860F2802-A215-4DBB-AB0B-044CD01AF416}"
EndProject
Global
	GlobalSection(SolutionConfigurationPlatforms) = preSolution
		Debug|Win32 = Debug|Win32
		Release|Win32 = Release|Win32
	EndGlobalSection
	GlobalSection(ProjectConfigurationPlatforms) = postSolution
		{860F2802-A215-4DBB-AB0B-044CD01AF416}.Debug|Win32.ActiveCfg = Debug|Win32
		{860F2802-A215-4DBB-AB0B-044CD01AF416}.Debug|Win32.Build.0 = Debug|Win32
		{860F2802-A215-4DBB-AB0B-044CD01AF416}.Release|Win32.ActiveCfg = Release|Win32
		{860F2802-A215-4DBB-AB0B-044CD01AF416}.Release|Win32.Build.0 = Release|Win32
	EndGlobalSection
	GlobalSection(SolutionProperties) = preSolution
		HideSolutionNode = FALSE
	EndGlobalSection
EndGlobal
