
Microsoft Visual Studio Solution File, Format Version 11.00
# Visual Studio 2010
Project("{8BC9CEB8-8B4A-11D0-8D11-00A0C91BC942}") = "test-4.12", "test-4.12\test-4.12.vcxproj", "{A65BBB0D-CA89-436E-A49E-FA3D93C8CD3F}"
EndProject
Global
	GlobalSection(SolutionConfigurationPlatforms) = preSolution
		Debug|Win32 = Debug|Win32
		Release|Win32 = Release|Win32
	EndGlobalSection
	GlobalSection(ProjectConfigurationPlatforms) = postSolution
		{A65BBB0D-CA89-436E-A49E-FA3D93C8CD3F}.Debug|Win32.ActiveCfg = Debug|Win32
		{A65BBB0D-CA89-436E-A49E-FA3D93C8CD3F}.Debug|Win32.Build.0 = Debug|Win32
		{A65BBB0D-CA89-436E-A49E-FA3D93C8CD3F}.Release|Win32.ActiveCfg = Release|Win32
		{A65BBB0D-CA89-436E-A49E-FA3D93C8CD3F}.Release|Win32.Build.0 = Release|Win32
	EndGlobalSection
	GlobalSection(SolutionProperties) = preSolution
		HideSolutionNode = FALSE
	EndGlobalSection
EndGlobal
