
Microsoft Visual Studio Solution File, Format Version 11.00
# Visual Studio 2010
Project("{8BC9CEB8-8B4A-11D0-8D11-00A0C91BC942}") = "test-3.20", "test-3.20\test-3.20.vcxproj", "{F5539806-B456-4954-985F-1BB14325B620}"
EndProject
Global
	GlobalSection(SolutionConfigurationPlatforms) = preSolution
		Debug|Win32 = Debug|Win32
		Release|Win32 = Release|Win32
	EndGlobalSection
	GlobalSection(ProjectConfigurationPlatforms) = postSolution
		{F5539806-B456-4954-985F-1BB14325B620}.Debug|Win32.ActiveCfg = Debug|Win32
		{F5539806-B456-4954-985F-1BB14325B620}.Debug|Win32.Build.0 = Debug|Win32
		{F5539806-B456-4954-985F-1BB14325B620}.Release|Win32.ActiveCfg = Release|Win32
		{F5539806-B456-4954-985F-1BB14325B620}.Release|Win32.Build.0 = Release|Win32
	EndGlobalSection
	GlobalSection(SolutionProperties) = preSolution
		HideSolutionNode = FALSE
	EndGlobalSection
EndGlobal
